
Microsoft Visual Studio Solution File, Format Version 12.00
# Visual Studio Version 16
VisualStudioVersion = 16.0.31424.327
MinimumVisualStudioVersion = 10.0.40219.1
Project("{FAE04EC0-301F-11D3-BF4B-00C04F79EFBC}") = "NetworkChat", "NetworkChat\NetworkChat.csproj", "{260A8E65-A08A-4600-A794-89BAF5080065}"
EndProject
Project("{FAE04EC0-301F-11D3-BF4B-00C04F79EFBC}") = "NetworkChatClient", "NetworkChatClient\NetworkChatClient.csproj", "{999ACCD9-8252-42D1-9938-A0D2369F6588}"
EndProject
Global
	GlobalSection(SolutionConfigurationPlatforms) = preSolution
		Debug|Any CPU = Debug|Any CPU
		Release|Any CPU = Release|Any CPU
	EndGlobalSection
	GlobalSection(ProjectConfigurationPlatforms) = postSolution
		{260A8E65-A08A-4600-A794-89BAF5080065}.Debug|Any CPU.ActiveCfg = Debug|Any CPU
		{260A8E65-A08A-4600-A794-89BAF5080065}.Debug|Any CPU.Build.0 = Debug|Any CPU
		{260A8E65-A08A-4600-A794-89BAF5080065}.Release|Any CPU.ActiveCfg = Release|Any CPU
		{260A8E65-A08A-4600-A794-89BAF5080065}.Release|Any CPU.Build.0 = Release|Any CPU
		{999ACCD9-8252-42D1-9938-A0D2369F6588}.Debug|Any CPU.ActiveCfg = Debug|Any CPU
		{999ACCD9-8252-42D1-9938-A0D2369F6588}.Debug|Any CPU.Build.0 = Debug|Any CPU
		{999ACCD9-8252-42D1-9938-A0D2369F6588}.Release|Any CPU.ActiveCfg = Release|Any CPU
		{999ACCD9-8252-42D1-9938-A0D2369F6588}.Release|Any CPU.Build.0 = Release|Any CPU
	EndGlobalSection
	GlobalSection(SolutionProperties) = preSolution
		HideSolutionNode = FALSE
	EndGlobalSection
	GlobalSection(ExtensibilityGlobals) = postSolution
		SolutionGuid = {796ECBFC-71D5-4A8F-A1C1-8F57A3F361A7}
	EndGlobalSection
EndGlobal
